
Microsoft Visual Studio Solution File, Format Version 12.00
# Visual Studio Version 16
VisualStudioVersion = 16.0.29424.173
MinimumVisualStudioVersion = 10.0.40219.1
Project("{2150E333-8FDC-42A3-9474-1A3956D46DE8}") = "Devices", "Devices", "{D13032C6-432E-4F43-8A32-071133C22B16}"
EndProject
Project("{2150E333-8FDC-42A3-9474-1A3956D46DE8}") = "Presets", "Presets", "{EBC33090-8494-4DF4-B4B6-64D0E531E93F}"
EndProject
Project("{9A19103F-16F7-4668-BE54-9A1E7A4F7556}") = "RGB.NET.Core", "RGB.NET.Core\RGB.NET.Core.csproj", "{F3ED5768-7251-4347-8D8F-2866313DA658}"
EndProject
Project("{9A19103F-16F7-4668-BE54-9A1E7A4F7556}") = "RGB.NET.Devices.Asus_Legacy", "RGB.NET.Devices.Asus_Legacy\RGB.NET.Devices.Asus_Legacy.csproj", "{105FD573-D165-49D1-B8EC-937570616F29}"
EndProject
Project("{9A19103F-16F7-4668-BE54-9A1E7A4F7556}") = "RGB.NET.Devices.CoolerMaster", "RGB.NET.Devices.CoolerMaster\RGB.NET.Devices.CoolerMaster.csproj", "{E8F927F5-E7CF-464A-B9AE-824C2B29A7D1}"
EndProject
Project("{9A19103F-16F7-4668-BE54-9A1E7A4F7556}") = "RGB.NET.Devices.Corsair", "RGB.NET.Devices.Corsair\RGB.NET.Devices.Corsair.csproj", "{BDE3DAD5-75C9-4C50-848D-1E766E916006}"
EndProject
Project("{9A19103F-16F7-4668-BE54-9A1E7A4F7556}") = "RGB.NET.Devices.Debug", "RGB.NET.Devices.Debug\RGB.NET.Devices.Debug.csproj", "{8496134D-16F5-43E6-B847-604964B240AD}"
EndProject
Project("{9A19103F-16F7-4668-BE54-9A1E7A4F7556}") = "RGB.NET.Devices.DMX", "RGB.NET.Devices.DMX\RGB.NET.Devices.DMX.csproj", "{0DA4E6D2-103C-4948-84E9-2973989B6E38}"
EndProject
Project("{9A19103F-16F7-4668-BE54-9A1E7A4F7556}") = "RGB.NET.Devices.Logitech", "RGB.NET.Devices.Logitech\RGB.NET.Devices.Logitech.csproj", "{992B33A4-0288-4198-89B1-AA0FF60DAEF5}"
EndProject
Project("{9A19103F-16F7-4668-BE54-9A1E7A4F7556}") = "RGB.NET.Devices.Msi", "RGB.NET.Devices.Msi\RGB.NET.Devices.Msi.csproj", "{00BA7E8E-822A-42DA-9EB4-DDBBC7CB0E46}"
EndProject
Project("{9A19103F-16F7-4668-BE54-9A1E7A4F7556}") = "RGB.NET.Devices.Novation", "RGB.NET.Devices.Novation\RGB.NET.Devices.Novation.csproj", "{19F701FD-5577-4873-9BE6-6775676FA185}"
EndProject
Project("{9A19103F-16F7-4668-BE54-9A1E7A4F7556}") = "RGB.NET.Devices.Razer", "RGB.NET.Devices.Razer\RGB.NET.Devices.Razer.csproj", "{2E162CB7-2C6C-4069-8356-06162F7BE0AA}"
EndProject
Project("{9A19103F-16F7-4668-BE54-9A1E7A4F7556}") = "RGB.NET.Devices.Roccat", "RGB.NET.Devices.Roccat\RGB.NET.Devices.Roccat.csproj", "{9DF256B9-1AB7-4D5B-B2E5-94AF6691DC9E}"
EndProject
Project("{9A19103F-16F7-4668-BE54-9A1E7A4F7556}") = "RGB.NET.Devices.SoIP", "RGB.NET.Devices.SoIP\RGB.NET.Devices.SoIP.csproj", "{14FF7ECF-2E58-4B11-97A2-C5801E1BC696}"
EndProject
Project("{9A19103F-16F7-4668-BE54-9A1E7A4F7556}") = "RGB.NET.Brushes", "RGB.NET.Brushes\RGB.NET.Brushes.csproj", "{B159FB51-5939-490E-A1BA-FB55D4D7ADDF}"
EndProject
Project("{9A19103F-16F7-4668-BE54-9A1E7A4F7556}") = "RGB.NET.Decorators", "RGB.NET.Decorators\RGB.NET.Decorators.csproj", "{8725C448-818C-41F7-B23F-F97E062BF233}"
EndProject
Project("{9A19103F-16F7-4668-BE54-9A1E7A4F7556}") = "RGB.NET.Groups", "RGB.NET.Groups\RGB.NET.Groups.csproj", "{6FEBDC9E-909D-4EE2-B003-EDFBEF5FFF40}"
EndProject
Project("{9A19103F-16F7-4668-BE54-9A1E7A4F7556}") = "RGB.NET.Devices.WS281X", "RGB.NET.Devices.WS281X\RGB.NET.Devices.WS281X.csproj", "{0AD382DA-E999-4F74-9658-8D402EE9BF3F}"
EndProject
Project("{9A19103F-16F7-4668-BE54-9A1E7A4F7556}") = "RGB.NET.Devices.SteelSeries", "RGB.NET.Devices.SteelSeries\RGB.NET.Devices.SteelSeries.csproj", "{FFDE4387-60F2-47B6-9704-3A57D02B8C64}"
EndProject
Project("{2150E333-8FDC-42A3-9474-1A3956D46DE8}") = "Tests", "Tests", "{92D7C263-D4C9-4D26-93E2-93C1F9C2CD16}"
EndProject
Project("{9A19103F-16F7-4668-BE54-9A1E7A4F7556}") = "RGB.NET.Core.Tests", "Tests\RGB.NET.Core.Tests\RGB.NET.Core.Tests.csproj", "{A3FD5AD7-040A-47CA-A278-53493A25FF8A}"
EndProject
Project("{9A19103F-16F7-4668-BE54-9A1E7A4F7556}") = "RGB.NET.Devices.Asus", "RGB.NET.Devices.Asus\RGB.NET.Devices.Asus.csproj", "{E0732B34-3F96-4DD9-AFD5-0E34B833AD6D}"
EndProject
Project("{9A19103F-16F7-4668-BE54-9A1E7A4F7556}") = "RGB.NET.Devices.Wooting", "RGB.NET.Devices.Wooting\RGB.NET.Devices.Wooting.csproj", "{DD46DB2D-85BE-4962-86AE-E38C9053A548}"
EndProject
Global
	GlobalSection(SolutionConfigurationPlatforms) = preSolution
		Debug|Any CPU = Debug|Any CPU
		Release|Any CPU = Release|Any CPU
	EndGlobalSection
	GlobalSection(ProjectConfigurationPlatforms) = postSolution
		{F3ED5768-7251-4347-8D8F-2866313DA658}.Debug|Any CPU.ActiveCfg = Debug|Any CPU
		{F3ED5768-7251-4347-8D8F-2866313DA658}.Debug|Any CPU.Build.0 = Debug|Any CPU
		{F3ED5768-7251-4347-8D8F-2866313DA658}.Release|Any CPU.ActiveCfg = Release|Any CPU
		{F3ED5768-7251-4347-8D8F-2866313DA658}.Release|Any CPU.Build.0 = Release|Any CPU
		{105FD573-D165-49D1-B8EC-937570616F29}.Debug|Any CPU.ActiveCfg = Debug|Any CPU
		{105FD573-D165-49D1-B8EC-937570616F29}.Debug|Any CPU.Build.0 = Debug|Any CPU
		{105FD573-D165-49D1-B8EC-937570616F29}.Release|Any CPU.ActiveCfg = Release|Any CPU
		{105FD573-D165-49D1-B8EC-937570616F29}.Release|Any CPU.Build.0 = Release|Any CPU
		{E8F927F5-E7CF-464A-B9AE-824C2B29A7D1}.Debug|Any CPU.ActiveCfg = Debug|Any CPU
		{E8F927F5-E7CF-464A-B9AE-824C2B29A7D1}.Debug|Any CPU.Build.0 = Debug|Any CPU
		{E8F927F5-E7CF-464A-B9AE-824C2B29A7D1}.Release|Any CPU.ActiveCfg = Release|Any CPU
		{E8F927F5-E7CF-464A-B9AE-824C2B29A7D1}.Release|Any CPU.Build.0 = Release|Any CPU
		{BDE3DAD5-75C9-4C50-848D-1E766E916006}.Debug|Any CPU.ActiveCfg = Debug|Any CPU
		{BDE3DAD5-75C9-4C50-848D-1E766E916006}.Debug|Any CPU.Build.0 = Debug|Any CPU
		{BDE3DAD5-75C9-4C50-848D-1E766E916006}.Release|Any CPU.ActiveCfg = Release|Any CPU
		{BDE3DAD5-75C9-4C50-848D-1E766E916006}.Release|Any CPU.Build.0 = Release|Any CPU
		{8496134D-16F5-43E6-B847-604964B240AD}.Debug|Any CPU.ActiveCfg = Debug|Any CPU
		{8496134D-16F5-43E6-B847-604964B240AD}.Debug|Any CPU.Build.0 = Debug|Any CPU
		{8496134D-16F5-43E6-B847-604964B240AD}.Release|Any CPU.ActiveCfg = Release|Any CPU
		{8496134D-16F5-43E6-B847-604964B240AD}.Release|Any CPU.Build.0 = Release|Any CPU
		{0DA4E6D2-103C-4948-84E9-2973989B6E38}.Debug|Any CPU.ActiveCfg = Debug|Any CPU
		{0DA4E6D2-103C-4948-84E9-2973989B6E38}.Debug|Any CPU.Build.0 = Debug|Any CPU
		{0DA4E6D2-103C-4948-84E9-2973989B6E38}.Release|Any CPU.ActiveCfg = Release|Any CPU
		{0DA4E6D2-103C-4948-84E9-2973989B6E38}.Release|Any CPU.Build.0 = Release|Any CPU
		{992B33A4-0288-4198-89B1-AA0FF60DAEF5}.Debug|Any CPU.ActiveCfg = Debug|Any CPU
		{992B33A4-0288-4198-89B1-AA0FF60DAEF5}.Debug|Any CPU.Build.0 = Debug|Any CPU
		{992B33A4-0288-4198-89B1-AA0FF60DAEF5}.Release|Any CPU.ActiveCfg = Release|Any CPU
		{992B33A4-0288-4198-89B1-AA0FF60DAEF5}.Release|Any CPU.Build.0 = Release|Any CPU
		{00BA7E8E-822A-42DA-9EB4-DDBBC7CB0E46}.Debug|Any CPU.ActiveCfg = Debug|Any CPU
		{00BA7E8E-822A-42DA-9EB4-DDBBC7CB0E46}.Debug|Any CPU.Build.0 = Debug|Any CPU
		{00BA7E8E-822A-42DA-9EB4-DDBBC7CB0E46}.Release|Any CPU.ActiveCfg = Release|Any CPU
		{00BA7E8E-822A-42DA-9EB4-DDBBC7CB0E46}.Release|Any CPU.Build.0 = Release|Any CPU
		{19F701FD-5577-4873-9BE6-6775676FA185}.Debug|Any CPU.ActiveCfg = Debug|Any CPU
		{19F701FD-5577-4873-9BE6-6775676FA185}.Debug|Any CPU.Build.0 = Debug|Any CPU
		{19F701FD-5577-4873-9BE6-6775676FA185}.Release|Any CPU.ActiveCfg = Release|Any CPU
		{19F701FD-5577-4873-9BE6-6775676FA185}.Release|Any CPU.Build.0 = Release|Any CPU
		{2E162CB7-2C6C-4069-8356-06162F7BE0AA}.Debug|Any CPU.ActiveCfg = Debug|Any CPU
		{2E162CB7-2C6C-4069-8356-06162F7BE0AA}.Debug|Any CPU.Build.0 = Debug|Any CPU
		{2E162CB7-2C6C-4069-8356-06162F7BE0AA}.Release|Any CPU.ActiveCfg = Release|Any CPU
		{2E162CB7-2C6C-4069-8356-06162F7BE0AA}.Release|Any CPU.Build.0 = Release|Any CPU
		{9DF256B9-1AB7-4D5B-B2E5-94AF6691DC9E}.Debug|Any CPU.ActiveCfg = Debug|Any CPU
		{9DF256B9-1AB7-4D5B-B2E5-94AF6691DC9E}.Debug|Any CPU.Build.0 = Debug|Any CPU
		{9DF256B9-1AB7-4D5B-B2E5-94AF6691DC9E}.Release|Any CPU.ActiveCfg = Release|Any CPU
		{9DF256B9-1AB7-4D5B-B2E5-94AF6691DC9E}.Release|Any CPU.Build.0 = Release|Any CPU
		{14FF7ECF-2E58-4B11-97A2-C5801E1BC696}.Debug|Any CPU.ActiveCfg = Debug|Any CPU
		{14FF7ECF-2E58-4B11-97A2-C5801E1BC696}.Debug|Any CPU.Build.0 = Debug|Any CPU
		{14FF7ECF-2E58-4B11-97A2-C5801E1BC696}.Release|Any CPU.ActiveCfg = Release|Any CPU
		{14FF7ECF-2E58-4B11-97A2-C5801E1BC696}.Release|Any CPU.Build.0 = Release|Any CPU
		{B159FB51-5939-490E-A1BA-FB55D4D7ADDF}.Debug|Any CPU.ActiveCfg = Debug|Any CPU
		{B159FB51-5939-490E-A1BA-FB55D4D7ADDF}.Debug|Any CPU.Build.0 = Debug|Any CPU
		{B159FB51-5939-490E-A1BA-FB55D4D7ADDF}.Release|Any CPU.ActiveCfg = Release|Any CPU
		{B159FB51-5939-490E-A1BA-FB55D4D7ADDF}.Release|Any CPU.Build.0 = Release|Any CPU
		{8725C448-818C-41F7-B23F-F97E062BF233}.Debug|Any CPU.ActiveCfg = Debug|Any CPU
		{8725C448-818C-41F7-B23F-F97E062BF233}.Debug|Any CPU.Build.0 = Debug|Any CPU
		{8725C448-818C-41F7-B23F-F97E062BF233}.Release|Any CPU.ActiveCfg = Release|Any CPU
		{8725C448-818C-41F7-B23F-F97E062BF233}.Release|Any CPU.Build.0 = Release|Any CPU
		{6FEBDC9E-909D-4EE2-B003-EDFBEF5FFF40}.Debug|Any CPU.ActiveCfg = Debug|Any CPU
		{6FEBDC9E-909D-4EE2-B003-EDFBEF5FFF40}.Debug|Any CPU.Build.0 = Debug|Any CPU
		{6FEBDC9E-909D-4EE2-B003-EDFBEF5FFF40}.Release|Any CPU.ActiveCfg = Release|Any CPU
		{6FEBDC9E-909D-4EE2-B003-EDFBEF5FFF40}.Release|Any CPU.Build.0 = Release|Any CPU
		{0AD382DA-E999-4F74-9658-8D402EE9BF3F}.Debug|Any CPU.ActiveCfg = Debug|Any CPU
		{0AD382DA-E999-4F74-9658-8D402EE9BF3F}.Debug|Any CPU.Build.0 = Debug|Any CPU
		{0AD382DA-E999-4F74-9658-8D402EE9BF3F}.Release|Any CPU.ActiveCfg = Release|Any CPU
		{0AD382DA-E999-4F74-9658-8D402EE9BF3F}.Release|Any CPU.Build.0 = Release|Any CPU
		{FFDE4387-60F2-47B6-9704-3A57D02B8C64}.Debug|Any CPU.ActiveCfg = Debug|Any CPU
		{FFDE4387-60F2-47B6-9704-3A57D02B8C64}.Debug|Any CPU.Build.0 = Debug|Any CPU
		{FFDE4387-60F2-47B6-9704-3A57D02B8C64}.Release|Any CPU.ActiveCfg = Release|Any CPU
		{FFDE4387-60F2-47B6-9704-3A57D02B8C64}.Release|Any CPU.Build.0 = Release|Any CPU
		{A3FD5AD7-040A-47CA-A278-53493A25FF8A}.Debug|Any CPU.ActiveCfg = Debug|Any CPU
		{A3FD5AD7-040A-47CA-A278-53493A25FF8A}.Debug|Any CPU.Build.0 = Debug|Any CPU
		{A3FD5AD7-040A-47CA-A278-53493A25FF8A}.Release|Any CPU.ActiveCfg = Release|Any CPU
		{A3FD5AD7-040A-47CA-A278-53493A25FF8A}.Release|Any CPU.Build.0 = Release|Any CPU
		{E0732B34-3F96-4DD9-AFD5-0E34B833AD6D}.Debug|Any CPU.ActiveCfg = Debug|Any CPU
		{E0732B34-3F96-4DD9-AFD5-0E34B833AD6D}.Debug|Any CPU.Build.0 = Debug|Any CPU
		{E0732B34-3F96-4DD9-AFD5-0E34B833AD6D}.Release|Any CPU.ActiveCfg = Release|Any CPU
		{E0732B34-3F96-4DD9-AFD5-0E34B833AD6D}.Release|Any CPU.Build.0 = Release|Any CPU
		{DD46DB2D-85BE-4962-86AE-E38C9053A548}.Debug|Any CPU.ActiveCfg = Debug|Any CPU
		{DD46DB2D-85BE-4962-86AE-E38C9053A548}.Debug|Any CPU.Build.0 = Debug|Any CPU
		{DD46DB2D-85BE-4962-86AE-E38C9053A548}.Release|Any CPU.ActiveCfg = Release|Any CPU
		{DD46DB2D-85BE-4962-86AE-E38C9053A548}.Release|Any CPU.Build.0 = Release|Any CPU
	EndGlobalSection
	GlobalSection(SolutionProperties) = preSolution
		HideSolutionNode = FALSE
	EndGlobalSection
	GlobalSection(NestedProjects) = preSolution
		{105FD573-D165-49D1-B8EC-937570616F29} = {D13032C6-432E-4F43-8A32-071133C22B16}
		{E8F927F5-E7CF-464A-B9AE-824C2B29A7D1} = {D13032C6-432E-4F43-8A32-071133C22B16}
		{BDE3DAD5-75C9-4C50-848D-1E766E916006} = {D13032C6-432E-4F43-8A32-071133C22B16}
		{8496134D-16F5-43E6-B847-604964B240AD} = {D13032C6-432E-4F43-8A32-071133C22B16}
		{0DA4E6D2-103C-4948-84E9-2973989B6E38} = {D13032C6-432E-4F43-8A32-071133C22B16}
		{992B33A4-0288-4198-89B1-AA0FF60DAEF5} = {D13032C6-432E-4F43-8A32-071133C22B16}
		{00BA7E8E-822A-42DA-9EB4-DDBBC7CB0E46} = {D13032C6-432E-4F43-8A32-071133C22B16}
		{19F701FD-5577-4873-9BE6-6775676FA185} = {D13032C6-432E-4F43-8A32-071133C22B16}
		{2E162CB7-2C6C-4069-8356-06162F7BE0AA} = {D13032C6-432E-4F43-8A32-071133C22B16}
		{9DF256B9-1AB7-4D5B-B2E5-94AF6691DC9E} = {D13032C6-432E-4F43-8A32-071133C22B16}
		{14FF7ECF-2E58-4B11-97A2-C5801E1BC696} = {D13032C6-432E-4F43-8A32-071133C22B16}
		{B159FB51-5939-490E-A1BA-FB55D4D7ADDF} = {EBC33090-8494-4DF4-B4B6-64D0E531E93F}
		{8725C448-818C-41F7-B23F-F97E062BF233} = {EBC33090-8494-4DF4-B4B6-64D0E531E93F}
		{6FEBDC9E-909D-4EE2-B003-EDFBEF5FFF40} = {EBC33090-8494-4DF4-B4B6-64D0E531E93F}
		{0AD382DA-E999-4F74-9658-8D402EE9BF3F} = {D13032C6-432E-4F43-8A32-071133C22B16}
		{FFDE4387-60F2-47B6-9704-3A57D02B8C64} = {D13032C6-432E-4F43-8A32-071133C22B16}
		{A3FD5AD7-040A-47CA-A278-53493A25FF8A} = {92D7C263-D4C9-4D26-93E2-93C1F9C2CD16}
		{E0732B34-3F96-4DD9-AFD5-0E34B833AD6D} = {D13032C6-432E-4F43-8A32-071133C22B16}
		{DD46DB2D-85BE-4962-86AE-E38C9053A548} = {D13032C6-432E-4F43-8A32-071133C22B16}
	EndGlobalSection
	GlobalSection(ExtensibilityGlobals) = postSolution
		SolutionGuid = {7F222AD4-1F9E-4AAB-9D69-D62372D4C1BA}
	EndGlobalSection
EndGlobal
