
Microsoft Visual Studio Solution File, Format Version 12.00
# Visual Studio 15
VisualStudioVersion = 15.0.27130.2024
MinimumVisualStudioVersion = 10.0.40219.1
Project("{FAE04EC0-301F-11D3-BF4B-00C04F79EFBC}") = "RGB.NET.Core", "RGB.NET.Core\RGB.NET.Core.csproj", "{5A4F9A75-75FE-47CD-90E5-914D5B20D232}"
EndProject
Project("{FAE04EC0-301F-11D3-BF4B-00C04F79EFBC}") = "RGB.NET.Brushes", "RGB.NET.Brushes\RGB.NET.Brushes.csproj", "{347C5F0F-F490-4DEC-9C1C-6E84750D838D}"
EndProject
Project("{2150E333-8FDC-42A3-9474-1A3956D46DE8}") = "Devices", "Devices", "{33D5E279-1C4E-4AB6-9D1E-6D18109A6C25}"
EndProject
Project("{2150E333-8FDC-42A3-9474-1A3956D46DE8}") = "Presets", "Presets", "{FFBCAF88-6646-43EC-9F24-2D719D3779C8}"
EndProject
Project("{FAE04EC0-301F-11D3-BF4B-00C04F79EFBC}") = "RGB.NET.Devices.Corsair", "RGB.NET.Devices.Corsair\RGB.NET.Devices.Corsair.csproj", "{DDA8C4C2-8ABF-4FA0-9AF9-C47AD0BFE47D}"
EndProject
Project("{2150E333-8FDC-42A3-9474-1A3956D46DE8}") = "Input", "Input", "{C854766D-9C1D-474B-B5B8-249DF4A9E552}"
EndProject
Project("{FAE04EC0-301F-11D3-BF4B-00C04F79EFBC}") = "RGB.NET.Input", "RGB.NET.Input\RGB.NET.Input.csproj", "{E60C3C6F-903F-4D80-99D0-7A1E50AF5A9D}"
EndProject
Project("{FAE04EC0-301F-11D3-BF4B-00C04F79EFBC}") = "RGB.NET.Input.Corsair", "RGB.NET.Input.Corsair\RGB.NET.Input.Corsair.csproj", "{F905C418-76BB-4BA6-88AB-0793BC2681D3}"
EndProject
Project("{FAE04EC0-301F-11D3-BF4B-00C04F79EFBC}") = "RGB.NET.Groups", "RGB.NET.Groups\RGB.NET.Groups.csproj", "{2A39F859-AAD0-4C16-94F8-78057820B376}"
EndProject
Project("{2150E333-8FDC-42A3-9474-1A3956D46DE8}") = "NuGet", "NuGet", "{06416566-481F-4571-80EE-7BB05B1E0299}"
	ProjectSection(SolutionItems) = preProject
		NuGet\nuget.exe = NuGet\nuget.exe
		NuGet\pack_all.bat = NuGet\pack_all.bat
		NuGet\RGB.NET.Brushes.nuspec = NuGet\RGB.NET.Brushes.nuspec
		NuGet\RGB.NET.Core.nuspec = NuGet\RGB.NET.Core.nuspec
		NuGet\RGB.NET.Decorators.nuspec = NuGet\RGB.NET.Decorators.nuspec
		NuGet\RGB.NET.Devices.Asus.nuspec = NuGet\RGB.NET.Devices.Asus.nuspec
		NuGet\RGB.NET.Devices.CoolerMaster.nuspec = NuGet\RGB.NET.Devices.CoolerMaster.nuspec
		NuGet\RGB.NET.Devices.Corsair.nuspec = NuGet\RGB.NET.Devices.Corsair.nuspec
		NuGet\RGB.NET.Devices.Debug.nuspec = NuGet\RGB.NET.Devices.Debug.nuspec
		NuGet\RGB.NET.Devices.Logitech.nuspec = NuGet\RGB.NET.Devices.Logitech.nuspec
		NuGet\RGB.NET.Devices.Msi.nuspec = NuGet\RGB.NET.Devices.Msi.nuspec
		NuGet\RGB.NET.Devices.Novation.nuspec = NuGet\RGB.NET.Devices.Novation.nuspec
		NuGet\RGB.NET.Devices.Razer.nuspec = NuGet\RGB.NET.Devices.Razer.nuspec
		NuGet\RGB.NET.Groups.nuspec = NuGet\RGB.NET.Groups.nuspec
		NuGet\RGB.NET.Input.Corsair.nuspec = NuGet\RGB.NET.Input.Corsair.nuspec
		NuGet\RGB.NET.Input.nuspec = NuGet\RGB.NET.Input.nuspec
	EndProjectSection
EndProject
Project("{FAE04EC0-301F-11D3-BF4B-00C04F79EFBC}") = "RGB.NET.Devices.Logitech", "RGB.NET.Devices.Logitech\RGB.NET.Devices.Logitech.csproj", "{E7B2F174-FCC6-4FC7-9970-3138B5F4C921}"
EndProject
Project("{FAE04EC0-301F-11D3-BF4B-00C04F79EFBC}") = "RGB.NET.Devices.CoolerMaster", "RGB.NET.Devices.CoolerMaster\RGB.NET.Devices.CoolerMaster.csproj", "{85609427-D433-44E2-A249-CE890B66D845}"
EndProject
Project("{FAE04EC0-301F-11D3-BF4B-00C04F79EFBC}") = "RGB.NET.Devices.Novation", "RGB.NET.Devices.Novation\RGB.NET.Devices.Novation.csproj", "{DB2911F6-404C-4BC8-B35F-232A7450755F}"
EndProject
Project("{FAE04EC0-301F-11D3-BF4B-00C04F79EFBC}") = "RGB.NET.Decorators", "RGB.NET.Decorators\RGB.NET.Decorators.csproj", "{7012C431-244A-453F-B7FD-59E030CDBC44}"
	ProjectSection(ProjectDependencies) = postProject
		{347C5F0F-F490-4DEC-9C1C-6E84750D838D} = {347C5F0F-F490-4DEC-9C1C-6E84750D838D}
		{5A4F9A75-75FE-47CD-90E5-914D5B20D232} = {5A4F9A75-75FE-47CD-90E5-914D5B20D232}
	EndProjectSection
EndProject
Project("{FAE04EC0-301F-11D3-BF4B-00C04F79EFBC}") = "RGB.NET.Devices.Asus", "RGB.NET.Devices.Asus\RGB.NET.Devices.Asus.csproj", "{4F2F3FBD-A1E4-4968-A2AD-0514959E5E59}"
EndProject
Project("{FAE04EC0-301F-11D3-BF4B-00C04F79EFBC}") = "RGB.NET.Devices.Msi", "RGB.NET.Devices.Msi\RGB.NET.Devices.Msi.csproj", "{4EFD77C7-FDB4-4C6B-970C-0EF66D24BE09}"
EndProject
Project("{2150E333-8FDC-42A3-9474-1A3956D46DE8}") = "Metapackages", "Metapackages", "{C191D5BE-E1B2-47E4-AB39-D954B277188C}"
	ProjectSection(SolutionItems) = preProject
		NuGet\Metapackages\RGB.NET.Devices.nuspec = NuGet\Metapackages\RGB.NET.Devices.nuspec
		NuGet\Metapackages\RGB.NET.nuspec = NuGet\Metapackages\RGB.NET.nuspec
		NuGet\Metapackages\RGB.NET.Presets.nuspec = NuGet\Metapackages\RGB.NET.Presets.nuspec
	EndProjectSection
EndProject
Project("{FAE04EC0-301F-11D3-BF4B-00C04F79EFBC}") = "RGB.NET.Devices.Razer", "RGB.NET.Devices.Razer\RGB.NET.Devices.Razer.csproj", "{24FF4ACB-D679-4B2D-86D4-50AB6C02D816}"
EndProject
Project("{FAE04EC0-301F-11D3-BF4B-00C04F79EFBC}") = "RGB.NET.Devices.Debug", "RGB.NET.Devices.Debug\RGB.NET.Devices.Debug.csproj", "{D013040E-1931-4F0D-9CCA-0F4AE74A507E}"
EndProject
Project("{FAE04EC0-301F-11D3-BF4B-00C04F79EFBC}") = "RGB.NET.Devices.Roccat", "RGB.NET.Devices.Roccat\RGB.NET.Devices.Roccat.csproj", "{01803E4A-36B8-4675-AFB3-7C8968AC4A13}"
EndProject
Global
	GlobalSection(SolutionConfigurationPlatforms) = preSolution
		Debug|Any CPU = Debug|Any CPU
		Release|Any CPU = Release|Any CPU
	EndGlobalSection
	GlobalSection(ProjectConfigurationPlatforms) = postSolution
		{5A4F9A75-75FE-47CD-90E5-914D5B20D232}.Debug|Any CPU.ActiveCfg = Debug|Any CPU
		{5A4F9A75-75FE-47CD-90E5-914D5B20D232}.Debug|Any CPU.Build.0 = Debug|Any CPU
		{5A4F9A75-75FE-47CD-90E5-914D5B20D232}.Release|Any CPU.ActiveCfg = Release|Any CPU
		{5A4F9A75-75FE-47CD-90E5-914D5B20D232}.Release|Any CPU.Build.0 = Release|Any CPU
		{347C5F0F-F490-4DEC-9C1C-6E84750D838D}.Debug|Any CPU.ActiveCfg = Debug|Any CPU
		{347C5F0F-F490-4DEC-9C1C-6E84750D838D}.Debug|Any CPU.Build.0 = Debug|Any CPU
		{347C5F0F-F490-4DEC-9C1C-6E84750D838D}.Release|Any CPU.ActiveCfg = Release|Any CPU
		{347C5F0F-F490-4DEC-9C1C-6E84750D838D}.Release|Any CPU.Build.0 = Release|Any CPU
		{DDA8C4C2-8ABF-4FA0-9AF9-C47AD0BFE47D}.Debug|Any CPU.ActiveCfg = Debug|Any CPU
		{DDA8C4C2-8ABF-4FA0-9AF9-C47AD0BFE47D}.Debug|Any CPU.Build.0 = Debug|Any CPU
		{DDA8C4C2-8ABF-4FA0-9AF9-C47AD0BFE47D}.Release|Any CPU.ActiveCfg = Release|Any CPU
		{DDA8C4C2-8ABF-4FA0-9AF9-C47AD0BFE47D}.Release|Any CPU.Build.0 = Release|Any CPU
		{E60C3C6F-903F-4D80-99D0-7A1E50AF5A9D}.Debug|Any CPU.ActiveCfg = Debug|Any CPU
		{E60C3C6F-903F-4D80-99D0-7A1E50AF5A9D}.Debug|Any CPU.Build.0 = Debug|Any CPU
		{E60C3C6F-903F-4D80-99D0-7A1E50AF5A9D}.Release|Any CPU.ActiveCfg = Release|Any CPU
		{E60C3C6F-903F-4D80-99D0-7A1E50AF5A9D}.Release|Any CPU.Build.0 = Release|Any CPU
		{F905C418-76BB-4BA6-88AB-0793BC2681D3}.Debug|Any CPU.ActiveCfg = Debug|Any CPU
		{F905C418-76BB-4BA6-88AB-0793BC2681D3}.Debug|Any CPU.Build.0 = Debug|Any CPU
		{F905C418-76BB-4BA6-88AB-0793BC2681D3}.Release|Any CPU.ActiveCfg = Release|Any CPU
		{F905C418-76BB-4BA6-88AB-0793BC2681D3}.Release|Any CPU.Build.0 = Release|Any CPU
		{2A39F859-AAD0-4C16-94F8-78057820B376}.Debug|Any CPU.ActiveCfg = Debug|Any CPU
		{2A39F859-AAD0-4C16-94F8-78057820B376}.Debug|Any CPU.Build.0 = Debug|Any CPU
		{2A39F859-AAD0-4C16-94F8-78057820B376}.Release|Any CPU.ActiveCfg = Release|Any CPU
		{2A39F859-AAD0-4C16-94F8-78057820B376}.Release|Any CPU.Build.0 = Release|Any CPU
		{E7B2F174-FCC6-4FC7-9970-3138B5F4C921}.Debug|Any CPU.ActiveCfg = Debug|Any CPU
		{E7B2F174-FCC6-4FC7-9970-3138B5F4C921}.Debug|Any CPU.Build.0 = Debug|Any CPU
		{E7B2F174-FCC6-4FC7-9970-3138B5F4C921}.Release|Any CPU.ActiveCfg = Release|Any CPU
		{E7B2F174-FCC6-4FC7-9970-3138B5F4C921}.Release|Any CPU.Build.0 = Release|Any CPU
		{85609427-D433-44E2-A249-CE890B66D845}.Debug|Any CPU.ActiveCfg = Debug|Any CPU
		{85609427-D433-44E2-A249-CE890B66D845}.Debug|Any CPU.Build.0 = Debug|Any CPU
		{85609427-D433-44E2-A249-CE890B66D845}.Release|Any CPU.ActiveCfg = Release|Any CPU
		{85609427-D433-44E2-A249-CE890B66D845}.Release|Any CPU.Build.0 = Release|Any CPU
		{DB2911F6-404C-4BC8-B35F-232A7450755F}.Debug|Any CPU.ActiveCfg = Debug|Any CPU
		{DB2911F6-404C-4BC8-B35F-232A7450755F}.Debug|Any CPU.Build.0 = Debug|Any CPU
		{DB2911F6-404C-4BC8-B35F-232A7450755F}.Release|Any CPU.ActiveCfg = Release|Any CPU
		{DB2911F6-404C-4BC8-B35F-232A7450755F}.Release|Any CPU.Build.0 = Release|Any CPU
		{7012C431-244A-453F-B7FD-59E030CDBC44}.Debug|Any CPU.ActiveCfg = Debug|Any CPU
		{7012C431-244A-453F-B7FD-59E030CDBC44}.Debug|Any CPU.Build.0 = Debug|Any CPU
		{7012C431-244A-453F-B7FD-59E030CDBC44}.Release|Any CPU.ActiveCfg = Release|Any CPU
		{7012C431-244A-453F-B7FD-59E030CDBC44}.Release|Any CPU.Build.0 = Release|Any CPU
		{4F2F3FBD-A1E4-4968-A2AD-0514959E5E59}.Debug|Any CPU.ActiveCfg = Debug|Any CPU
		{4F2F3FBD-A1E4-4968-A2AD-0514959E5E59}.Debug|Any CPU.Build.0 = Debug|Any CPU
		{4F2F3FBD-A1E4-4968-A2AD-0514959E5E59}.Release|Any CPU.ActiveCfg = Release|Any CPU
		{4F2F3FBD-A1E4-4968-A2AD-0514959E5E59}.Release|Any CPU.Build.0 = Release|Any CPU
		{4EFD77C7-FDB4-4C6B-970C-0EF66D24BE09}.Debug|Any CPU.ActiveCfg = Debug|Any CPU
		{4EFD77C7-FDB4-4C6B-970C-0EF66D24BE09}.Debug|Any CPU.Build.0 = Debug|Any CPU
		{4EFD77C7-FDB4-4C6B-970C-0EF66D24BE09}.Release|Any CPU.ActiveCfg = Release|Any CPU
		{4EFD77C7-FDB4-4C6B-970C-0EF66D24BE09}.Release|Any CPU.Build.0 = Release|Any CPU
		{24FF4ACB-D679-4B2D-86D4-50AB6C02D816}.Debug|Any CPU.ActiveCfg = Debug|Any CPU
		{24FF4ACB-D679-4B2D-86D4-50AB6C02D816}.Debug|Any CPU.Build.0 = Debug|Any CPU
		{24FF4ACB-D679-4B2D-86D4-50AB6C02D816}.Release|Any CPU.ActiveCfg = Release|Any CPU
		{24FF4ACB-D679-4B2D-86D4-50AB6C02D816}.Release|Any CPU.Build.0 = Release|Any CPU
		{D013040E-1931-4F0D-9CCA-0F4AE74A507E}.Debug|Any CPU.ActiveCfg = Debug|Any CPU
		{D013040E-1931-4F0D-9CCA-0F4AE74A507E}.Debug|Any CPU.Build.0 = Debug|Any CPU
		{D013040E-1931-4F0D-9CCA-0F4AE74A507E}.Release|Any CPU.ActiveCfg = Release|Any CPU
		{D013040E-1931-4F0D-9CCA-0F4AE74A507E}.Release|Any CPU.Build.0 = Release|Any CPU
		{01803E4A-36B8-4675-AFB3-7C8968AC4A13}.Debug|Any CPU.ActiveCfg = Debug|Any CPU
		{01803E4A-36B8-4675-AFB3-7C8968AC4A13}.Debug|Any CPU.Build.0 = Debug|Any CPU
		{01803E4A-36B8-4675-AFB3-7C8968AC4A13}.Release|Any CPU.ActiveCfg = Release|Any CPU
		{01803E4A-36B8-4675-AFB3-7C8968AC4A13}.Release|Any CPU.Build.0 = Release|Any CPU
	EndGlobalSection
	GlobalSection(SolutionProperties) = preSolution
		HideSolutionNode = FALSE
	EndGlobalSection
	GlobalSection(NestedProjects) = preSolution
		{347C5F0F-F490-4DEC-9C1C-6E84750D838D} = {FFBCAF88-6646-43EC-9F24-2D719D3779C8}
		{DDA8C4C2-8ABF-4FA0-9AF9-C47AD0BFE47D} = {33D5E279-1C4E-4AB6-9D1E-6D18109A6C25}
		{C854766D-9C1D-474B-B5B8-249DF4A9E552} = {33D5E279-1C4E-4AB6-9D1E-6D18109A6C25}
		{F905C418-76BB-4BA6-88AB-0793BC2681D3} = {C854766D-9C1D-474B-B5B8-249DF4A9E552}
		{2A39F859-AAD0-4C16-94F8-78057820B376} = {FFBCAF88-6646-43EC-9F24-2D719D3779C8}
		{E7B2F174-FCC6-4FC7-9970-3138B5F4C921} = {33D5E279-1C4E-4AB6-9D1E-6D18109A6C25}
		{85609427-D433-44E2-A249-CE890B66D845} = {33D5E279-1C4E-4AB6-9D1E-6D18109A6C25}
		{DB2911F6-404C-4BC8-B35F-232A7450755F} = {33D5E279-1C4E-4AB6-9D1E-6D18109A6C25}
		{7012C431-244A-453F-B7FD-59E030CDBC44} = {FFBCAF88-6646-43EC-9F24-2D719D3779C8}
		{4F2F3FBD-A1E4-4968-A2AD-0514959E5E59} = {33D5E279-1C4E-4AB6-9D1E-6D18109A6C25}
		{4EFD77C7-FDB4-4C6B-970C-0EF66D24BE09} = {33D5E279-1C4E-4AB6-9D1E-6D18109A6C25}
		{C191D5BE-E1B2-47E4-AB39-D954B277188C} = {06416566-481F-4571-80EE-7BB05B1E0299}
		{24FF4ACB-D679-4B2D-86D4-50AB6C02D816} = {33D5E279-1C4E-4AB6-9D1E-6D18109A6C25}
		{D013040E-1931-4F0D-9CCA-0F4AE74A507E} = {33D5E279-1C4E-4AB6-9D1E-6D18109A6C25}
		{01803E4A-36B8-4675-AFB3-7C8968AC4A13} = {33D5E279-1C4E-4AB6-9D1E-6D18109A6C25}
	EndGlobalSection
	GlobalSection(ExtensibilityGlobals) = postSolution
		SolutionGuid = {CDECA6C7-8D18-4AF3-94F7-C70A69B8571B}
	EndGlobalSection
EndGlobal
