
Microsoft Visual Studio Solution File, Format Version 12.00
# Visual Studio 14
VisualStudioVersion = 14.0.25420.1
MinimumVisualStudioVersion = 10.0.40219.1
Project("{FAE04EC0-301F-11D3-BF4B-00C04F79EFBC}") = "RGB.NET.Core", "RGB.NET.Core\RGB.NET.Core.csproj", "{5A4F9A75-75FE-47CD-90E5-914D5B20D232}"
EndProject
Project("{FAE04EC0-301F-11D3-BF4B-00C04F79EFBC}") = "RGB.NET.Brushes", "RGB.NET.Brushes\RGB.NET.Brushes.csproj", "{347C5F0F-F490-4DEC-9C1C-6E84750D838D}"
EndProject
Project("{FAE04EC0-301F-11D3-BF4B-00C04F79EFBC}") = "RGB.NET.Effects", "RGB.NET.Effects\RGB.NET.Effects.csproj", "{E850CAF8-3E55-40C1-B0BE-30174391E55E}"
EndProject
Project("{2150E333-8FDC-42A3-9474-1A3956D46DE8}") = "Devices", "Devices", "{33D5E279-1C4E-4AB6-9D1E-6D18109A6C25}"
EndProject
Project("{2150E333-8FDC-42A3-9474-1A3956D46DE8}") = "Presets", "Presets", "{FFBCAF88-6646-43EC-9F24-2D719D3779C8}"
EndProject
Project("{FAE04EC0-301F-11D3-BF4B-00C04F79EFBC}") = "RGB.NET.Devices.Corsair", "RGB.NET.Devices.Corsair\RGB.NET.Devices.Corsair.csproj", "{DDA8C4C2-8ABF-4FA0-9AF9-C47AD0BFE47D}"
EndProject
Project("{2150E333-8FDC-42A3-9474-1A3956D46DE8}") = "Input", "Input", "{C854766D-9C1D-474B-B5B8-249DF4A9E552}"
EndProject
Project("{FAE04EC0-301F-11D3-BF4B-00C04F79EFBC}") = "RGB.NET.Input", "RGB.NET.Input\RGB.NET.Input.csproj", "{E60C3C6F-903F-4D80-99D0-7A1E50AF5A9D}"
EndProject
Project("{FAE04EC0-301F-11D3-BF4B-00C04F79EFBC}") = "RGB.NET.Input.Corsair", "RGB.NET.Input.Corsair\RGB.NET.Input.Corsair.csproj", "{F905C418-76BB-4BA6-88AB-0793BC2681D3}"
EndProject
Project("{FAE04EC0-301F-11D3-BF4B-00C04F79EFBC}") = "RGB.NET.Groups", "RGB.NET.Groups\RGB.NET.Groups.csproj", "{2A39F859-AAD0-4C16-94F8-78057820B376}"
EndProject
Global
	GlobalSection(SolutionConfigurationPlatforms) = preSolution
		Debug|Any CPU = Debug|Any CPU
		Release|Any CPU = Release|Any CPU
	EndGlobalSection
	GlobalSection(ProjectConfigurationPlatforms) = postSolution
		{5A4F9A75-75FE-47CD-90E5-914D5B20D232}.Debug|Any CPU.ActiveCfg = Debug|Any CPU
		{5A4F9A75-75FE-47CD-90E5-914D5B20D232}.Debug|Any CPU.Build.0 = Debug|Any CPU
		{5A4F9A75-75FE-47CD-90E5-914D5B20D232}.Release|Any CPU.ActiveCfg = Release|Any CPU
		{5A4F9A75-75FE-47CD-90E5-914D5B20D232}.Release|Any CPU.Build.0 = Release|Any CPU
		{347C5F0F-F490-4DEC-9C1C-6E84750D838D}.Debug|Any CPU.ActiveCfg = Debug|Any CPU
		{347C5F0F-F490-4DEC-9C1C-6E84750D838D}.Debug|Any CPU.Build.0 = Debug|Any CPU
		{347C5F0F-F490-4DEC-9C1C-6E84750D838D}.Release|Any CPU.ActiveCfg = Release|Any CPU
		{347C5F0F-F490-4DEC-9C1C-6E84750D838D}.Release|Any CPU.Build.0 = Release|Any CPU
		{E850CAF8-3E55-40C1-B0BE-30174391E55E}.Debug|Any CPU.ActiveCfg = Debug|Any CPU
		{E850CAF8-3E55-40C1-B0BE-30174391E55E}.Debug|Any CPU.Build.0 = Debug|Any CPU
		{E850CAF8-3E55-40C1-B0BE-30174391E55E}.Release|Any CPU.ActiveCfg = Release|Any CPU
		{E850CAF8-3E55-40C1-B0BE-30174391E55E}.Release|Any CPU.Build.0 = Release|Any CPU
		{DDA8C4C2-8ABF-4FA0-9AF9-C47AD0BFE47D}.Debug|Any CPU.ActiveCfg = Debug|Any CPU
		{DDA8C4C2-8ABF-4FA0-9AF9-C47AD0BFE47D}.Debug|Any CPU.Build.0 = Debug|Any CPU
		{DDA8C4C2-8ABF-4FA0-9AF9-C47AD0BFE47D}.Release|Any CPU.ActiveCfg = Release|Any CPU
		{DDA8C4C2-8ABF-4FA0-9AF9-C47AD0BFE47D}.Release|Any CPU.Build.0 = Release|Any CPU
		{E60C3C6F-903F-4D80-99D0-7A1E50AF5A9D}.Debug|Any CPU.ActiveCfg = Debug|Any CPU
		{E60C3C6F-903F-4D80-99D0-7A1E50AF5A9D}.Debug|Any CPU.Build.0 = Debug|Any CPU
		{E60C3C6F-903F-4D80-99D0-7A1E50AF5A9D}.Release|Any CPU.ActiveCfg = Release|Any CPU
		{E60C3C6F-903F-4D80-99D0-7A1E50AF5A9D}.Release|Any CPU.Build.0 = Release|Any CPU
		{F905C418-76BB-4BA6-88AB-0793BC2681D3}.Debug|Any CPU.ActiveCfg = Debug|Any CPU
		{F905C418-76BB-4BA6-88AB-0793BC2681D3}.Debug|Any CPU.Build.0 = Debug|Any CPU
		{F905C418-76BB-4BA6-88AB-0793BC2681D3}.Release|Any CPU.ActiveCfg = Release|Any CPU
		{F905C418-76BB-4BA6-88AB-0793BC2681D3}.Release|Any CPU.Build.0 = Release|Any CPU
		{2A39F859-AAD0-4C16-94F8-78057820B376}.Debug|Any CPU.ActiveCfg = Debug|Any CPU
		{2A39F859-AAD0-4C16-94F8-78057820B376}.Debug|Any CPU.Build.0 = Debug|Any CPU
		{2A39F859-AAD0-4C16-94F8-78057820B376}.Release|Any CPU.ActiveCfg = Release|Any CPU
		{2A39F859-AAD0-4C16-94F8-78057820B376}.Release|Any CPU.Build.0 = Release|Any CPU
	EndGlobalSection
	GlobalSection(SolutionProperties) = preSolution
		HideSolutionNode = FALSE
	EndGlobalSection
	GlobalSection(NestedProjects) = preSolution
		{347C5F0F-F490-4DEC-9C1C-6E84750D838D} = {FFBCAF88-6646-43EC-9F24-2D719D3779C8}
		{E850CAF8-3E55-40C1-B0BE-30174391E55E} = {FFBCAF88-6646-43EC-9F24-2D719D3779C8}
		{DDA8C4C2-8ABF-4FA0-9AF9-C47AD0BFE47D} = {33D5E279-1C4E-4AB6-9D1E-6D18109A6C25}
		{C854766D-9C1D-474B-B5B8-249DF4A9E552} = {33D5E279-1C4E-4AB6-9D1E-6D18109A6C25}
		{F905C418-76BB-4BA6-88AB-0793BC2681D3} = {C854766D-9C1D-474B-B5B8-249DF4A9E552}
		{2A39F859-AAD0-4C16-94F8-78057820B376} = {FFBCAF88-6646-43EC-9F24-2D719D3779C8}
	EndGlobalSection
EndGlobal
